
Microsoft Visual Studio Solution File, Format Version 12.00
# Visual Studio Version 16
VisualStudioVersion = 16.0.31005.135
MinimumVisualStudioVersion = 10.0.40219.1
Project("{FAE04EC0-301F-11D3-BF4B-00C04F79EFBC}") = "JewelryShopView", "JewelryShopView\JewelryShopView.csproj", "{2880B764-5278-4CF3-9781-D60CD6FA2BB0}"
EndProject
Project("{9A19103F-16F7-4668-BE54-9A1E7A4F7556}") = "JewelryShopBusinessLogic", "JewelryShopBusinessLogic\JewelryShopBusinessLogic.csproj", "{9B4308A1-4614-4701-ACB9-CE14384050FA}"
EndProject
Project("{9A19103F-16F7-4668-BE54-9A1E7A4F7556}") = "JewelryShopListImplements", "JewelryShopListImplements\JewelryShopListImplements.csproj", "{B9F8BAD5-52D7-4E60-AA39-54A4072D6087}"
EndProject
Project("{FAE04EC0-301F-11D3-BF4B-00C04F79EFBC}") = "JewelryShopFileImplement", "JewelryShopFileImplement\JewelryShopFileImplement.csproj", "{9453AEDD-0EE5-4EDC-AF25-E5BA99614111}"
EndProject
Project("{FAE04EC0-301F-11D3-BF4B-00C04F79EFBC}") = "JewelryShopDatabaseImplement", "JewelryShopDatabaseImplement\JewelryShopDatabaseImplement.csproj", "{EC606261-15AA-4785-9197-8CB06008803B}"
EndProject
Global
	GlobalSection(SolutionConfigurationPlatforms) = preSolution
		Debug|Any CPU = Debug|Any CPU
		Release|Any CPU = Release|Any CPU
	EndGlobalSection
	GlobalSection(ProjectConfigurationPlatforms) = postSolution
		{2880B764-5278-4CF3-9781-D60CD6FA2BB0}.Debug|Any CPU.ActiveCfg = Debug|Any CPU
		{2880B764-5278-4CF3-9781-D60CD6FA2BB0}.Debug|Any CPU.Build.0 = Debug|Any CPU
		{2880B764-5278-4CF3-9781-D60CD6FA2BB0}.Release|Any CPU.ActiveCfg = Release|Any CPU
		{2880B764-5278-4CF3-9781-D60CD6FA2BB0}.Release|Any CPU.Build.0 = Release|Any CPU
		{9B4308A1-4614-4701-ACB9-CE14384050FA}.Debug|Any CPU.ActiveCfg = Debug|Any CPU
		{9B4308A1-4614-4701-ACB9-CE14384050FA}.Debug|Any CPU.Build.0 = Debug|Any CPU
		{9B4308A1-4614-4701-ACB9-CE14384050FA}.Release|Any CPU.ActiveCfg = Release|Any CPU
		{9B4308A1-4614-4701-ACB9-CE14384050FA}.Release|Any CPU.Build.0 = Release|Any CPU
		{B9F8BAD5-52D7-4E60-AA39-54A4072D6087}.Debug|Any CPU.ActiveCfg = Debug|Any CPU
		{B9F8BAD5-52D7-4E60-AA39-54A4072D6087}.Debug|Any CPU.Build.0 = Debug|Any CPU
		{B9F8BAD5-52D7-4E60-AA39-54A4072D6087}.Release|Any CPU.ActiveCfg = Release|Any CPU
		{B9F8BAD5-52D7-4E60-AA39-54A4072D6087}.Release|Any CPU.Build.0 = Release|Any CPU
		{9453AEDD-0EE5-4EDC-AF25-E5BA99614111}.Debug|Any CPU.ActiveCfg = Debug|Any CPU
		{9453AEDD-0EE5-4EDC-AF25-E5BA99614111}.Debug|Any CPU.Build.0 = Debug|Any CPU
		{9453AEDD-0EE5-4EDC-AF25-E5BA99614111}.Release|Any CPU.ActiveCfg = Release|Any CPU
		{9453AEDD-0EE5-4EDC-AF25-E5BA99614111}.Release|Any CPU.Build.0 = Release|Any CPU
		{EC606261-15AA-4785-9197-8CB06008803B}.Debug|Any CPU.ActiveCfg = Debug|Any CPU
		{EC606261-15AA-4785-9197-8CB06008803B}.Debug|Any CPU.Build.0 = Debug|Any CPU
		{EC606261-15AA-4785-9197-8CB06008803B}.Release|Any CPU.ActiveCfg = Release|Any CPU
		{EC606261-15AA-4785-9197-8CB06008803B}.Release|Any CPU.Build.0 = Release|Any CPU
	EndGlobalSection
	GlobalSection(SolutionProperties) = preSolution
		HideSolutionNode = FALSE
	EndGlobalSection
	GlobalSection(ExtensibilityGlobals) = postSolution
		SolutionGuid = {1449618F-EC96-4438-85E4-253F869375C6}
	EndGlobalSection
EndGlobal
